<?xml version="1.0" encoding="utf-8"?>
<Project ToolsVersion="4.0" xmlns="http://schemas.microsoft.com/developer/msbuild/2003">
  <ItemGroup>
    <ClCompile Include="App.cpp" />
    <ClCompile Include="pch.cpp" />
    <ClCompile Include="DeviceResources.cpp">
      <Filter>Common</Filter>
    </ClCompile>
    <ClCompile Include="Main.cpp" />
    <ClCompile Include="Sample3DSceneRenderer.cpp">
      <Filter>Content</Filter>
    </ClCompile>
    <ClCompile Include="SampleFpsTextRenderer.cpp">
      <Filter>Content</Filter>
    </ClCompile>
    <ClCompile Include="MoveLookController.cpp">
      <Filter>Input</Filter>
    </ClCompile>
    <ClCompile Include="AppLayout.cpp">
      <Filter>UI</Filter>
    </ClCompile>
    <ClCompile Include="Control.cpp">
      <Filter>UI</Filter>
    </ClCompile>
    <ClCompile Include="RectangularControl.cpp">
      <Filter>UI</Filter>
    </ClCompile>
    <ClCompile Include="Button.cpp">
      <Filter>UI</Filter>
    </ClCompile>
    <ClCompile Include="Text.cpp">
      <Filter>UI</Filter>
    </ClCompile>
  </ItemGroup>
  <ItemGroup>
    <ClInclude Include="pch.h" />
    <ClInclude Include="DeviceResources.h">
      <Filter>Common</Filter>
    </ClInclude>
    <ClInclude Include="DirectXHelper.h">
      <Filter>Common</Filter>
    </ClInclude>
    <ClInclude Include="Main.h" />
    <ClInclude Include="StepTimer.h">
      <Filter>Common</Filter>
    </ClInclude>
    <ClInclude Include="Sample3DSceneRenderer.h">
      <Filter>Content</Filter>
    </ClInclude>
    <ClInclude Include="ShaderStructures.h">
      <Filter>Content</Filter>
    </ClInclude>
    <ClInclude Include="SampleFpsTextRenderer.h">
      <Filter>Content</Filter>
    </ClInclude>
    <ClInclude Include="MoveLookController.h">
      <Filter>Input</Filter>
    </ClInclude>
    <ClInclude Include="AppLayout.h">
      <Filter>UI</Filter>
    </ClInclude>
    <ClInclude Include="Control.h">
      <Filter>UI</Filter>
    </ClInclude>
    <ClInclude Include="RectangularControl.h">
      <Filter>UI</Filter>
    </ClInclude>
    <ClInclude Include="Button.h">
      <Filter>UI</Filter>
    </ClInclude>
    <ClInclude Include="Text.h">
      <Filter>UI</Filter>
    </ClInclude>
    <ClInclude Include="Enums.h">
      <Filter>UI</Filter>
    </ClInclude>
  </ItemGroup>
  <ItemGroup>
    <Image Include="Assets\Wide310x150Logo.scale-200.png">
      <Filter>Assets</Filter>
    </Image>
    <Image Include="Assets\StoreLogo.png">
      <Filter>Assets</Filter>
    </Image>
    <Image Include="Assets\Square150x150Logo.scale-200.png">
      <Filter>Assets</Filter>
    </Image>
    <Image Include="Assets\Square44x44Logo.targetsize-24_altform-unplated.png">
      <Filter>Assets</Filter>
    </Image>
    <Image Include="Assets\Square44x44Logo.scale-200.png">
      <Filter>Assets</Filter>
    </Image>
    <Image Include="Assets\SplashScreen.scale-200.png">
      <Filter>Assets</Filter>
    </Image>
    <Image Include="Assets\LockScreenLogo.scale-200.png">
      <Filter>Assets</Filter>
    </Image>
  </ItemGroup>
  <ItemGroup>
    <AppxManifest Include="Package.appxmanifest" />
  </ItemGroup>
  <ItemGroup>
    <Filter Include="Assets">
      <UniqueIdentifier>{db9086fe-bacc-4437-8272-1aa6642082db}</UniqueIdentifier>
    </Filter>
    <Filter Include="Common">
      <UniqueIdentifier>{5d125271-af74-4902-bdcc-96633d0f1ee2}</UniqueIdentifier>
    </Filter>
    <Filter Include="Content">
      <UniqueIdentifier>{d0e980ba-6ba1-40bf-ba43-e32f5a8e316b}</UniqueIdentifier>
    </Filter>
    <Filter Include="Input">
      <UniqueIdentifier>{be06d348-71eb-487e-b05f-f5b3e0c2b8c2}</UniqueIdentifier>
    </Filter>
    <Filter Include="UI">
      <UniqueIdentifier>{4840e039-063c-4250-8291-bd1dc632d5bb}</UniqueIdentifier>
    </Filter>
  </ItemGroup>
  <ItemGroup>
    <None Include="PropertySheet.props" />
    <None Include="packages.config" />
  </ItemGroup>
  <ItemGroup>
    <Text Include="readme.txt" />
  </ItemGroup>
  <ItemGroup>
    <FxCompile Include="SamplePixelShader.hlsl">
      <Filter>Content</Filter>
    </FxCompile>
    <FxCompile Include="SampleVertexShader.hlsl">
      <Filter>Content</Filter>
    </FxCompile>
  </ItemGroup>
</Project>